
Microsoft Visual Studio Solution File, Format Version 12.00
# Visual Studio Version 17
VisualStudioVersion = 17.0.31903.59
MinimumVisualStudioVersion = 10.0.40219.1
Project("{2150E333-8FDC-42A3-9474-1A3956D46DE8}") = "test", "test", "{D85D4312-6A27-4587-B3EE-E11A374C69DA}"
EndProject
Project("{2150E333-8FDC-42A3-9474-1A3956D46DE8}") = "Core", "Core", "{26326BA6-7353-4FC1-894A-8A1DEA914531}"
EndProject
Project("{2150E333-8FDC-42A3-9474-1A3956D46DE8}") = "Infrastructure", "Infrastructure", "{68C142C5-59AF-493B-B2B1-556CF7EC60C2}"
EndProject
Project("{2150E333-8FDC-42A3-9474-1A3956D46DE8}") = "Shared", "Shared", "{C39E368A-51C9-4F8D-9489-B4A92390DCA3}"
EndProject
Project("{2150E333-8FDC-42A3-9474-1A3956D46DE8}") = "Migrations", "Migrations", "{99723CD6-4F5C-40CF-9684-A174C2A0680E}"
EndProject
Project("{2150E333-8FDC-42A3-9474-1A3956D46DE8}") = "WebApi", "WebApi", "{3669FC05-559A-492D-A4CD-E3F90E2A046E}"
EndProject
Project("{2150E333-8FDC-42A3-9474-1A3956D46DE8}") = "Client.UI", "Client.UI", "{CA9C6940-2F24-4288-BFFC-97CF99E8A7FB}"
EndProject
Project("{2150E333-8FDC-42A3-9474-1A3956D46DE8}") = "Jobs", "Jobs", "{01DB0F55-823D-4AC1-9D7F-B1F4867941EA}"
EndProject
Project("{2150E333-8FDC-42A3-9474-1A3956D46DE8}") = "WindowsService", "WindowsService", "{8EF9F350-98F8-45C1-895C-1A6ABFCD0CB5}"
EndProject
Project("{2150E333-8FDC-42A3-9474-1A3956D46DE8}") = "Solution Items", "Solution Items", "{A4D346AD-2DD6-429A-9722-F3D4A05AA84A}"
	ProjectSection(SolutionItems) = preProject
		..\.gitignore = ..\.gitignore
		..\README.md = ..\README.md
	EndProjectSection
EndProject
Project("{9A19103F-16F7-4668-BE54-9A1E7A4F7556}") = "WebChat.Application", "WebChat.Application\WebChat.Application.csproj", "{E62F7FC2-D80B-49E3-AEA8-8AEA4F44F8EC}"
EndProject
Project("{9A19103F-16F7-4668-BE54-9A1E7A4F7556}") = "WebChat.API", "WebChat.API\WebChat.API.csproj", "{A8F3EA90-75CA-4E1B-A2E1-271209E13A23}"
EndProject
Project("{9A19103F-16F7-4668-BE54-9A1E7A4F7556}") = "WebChat.Extension", "WebChat.Extension\WebChat.Extension.csproj", "{13E2BEAE-A8B4-4B90-A93B-B65191E0F405}"
EndProject
Project("{9A19103F-16F7-4668-BE54-9A1E7A4F7556}") = "WebChat.Common", "WebChat.Common\WebChat.Common.csproj", "{E3E50D5B-7448-4D07-A2C4-75AF8DDA1B15}"
EndProject
Project("{9A19103F-16F7-4668-BE54-9A1E7A4F7556}") = "WebChat.Infrastructure.Mongo", "WebChat.Infrastructure.Mongo\WebChat.Infrastructure.Mongo.csproj", "{1EFEB3E0-488F-4F60-B2F4-7B3BB47EF565}"
EndProject
Project("{9A19103F-16F7-4668-BE54-9A1E7A4F7556}") = "WebChat.Infrastructure.MySQL", "WebChat.Infrastructure.MySQL\WebChat.Infrastructure.MySQL.csproj", "{926A765F-F328-4900-AFCF-AC9FDF75F4F0}"
EndProject
Project("{9A19103F-16F7-4668-BE54-9A1E7A4F7556}") = "WebChat.Infrastructure.Npgsql", "WebChat.Infrastructure.Npgsql\WebChat.Infrastructure.Npgsql.csproj", "{DB5496F8-0846-4192-B737-A2C3DCEF1C53}"
EndProject
Project("{9A19103F-16F7-4668-BE54-9A1E7A4F7556}") = "WebChat.Infrastructure.Oracle", "WebChat.Infrastructure.Oracle\WebChat.Infrastructure.Oracle.csproj", "{13447739-6210-4649-914F-30329C48D9B2}"
EndProject
Project("{9A19103F-16F7-4668-BE54-9A1E7A4F7556}") = "WebChat.Infrastructure.SqlServer", "WebChat.Infrastructure.SqlServer\WebChat.Infrastructure.SqlServer.csproj", "{5A29D33A-606C-49A4-9CEA-FC9E342A6542}"
EndProject
Project("{9A19103F-16F7-4668-BE54-9A1E7A4F7556}") = "QueueToDatabaseService", "QueueToDatabaseService\QueueToDatabaseService.csproj", "{85FEF035-3654-459E-85BA-00D3F2355797}"
EndProject
Project("{9A19103F-16F7-4668-BE54-9A1E7A4F7556}") = "WebChat.Redis", "WebChat.Redis\WebChat.Redis.csproj", "{613D0518-E875-4B16-A72F-8C79DB9A62F2}"
EndProject
Project("{9A19103F-16F7-4668-BE54-9A1E7A4F7556}") = "EmailService", "EmailService\EmailService.csproj", "{0273C257-2FBA-4BEA-93A5-092E95A96AEB}"
EndProject
Project("{9A19103F-16F7-4668-BE54-9A1E7A4F7556}") = "JwtService", "JwtService\JwtService.csproj", "{4C2F57F7-5857-4FAB-8D9C-722D2DCDB5A7}"
EndProject
Project("{9A19103F-16F7-4668-BE54-9A1E7A4F7556}") = "WebChat.RabbitMQ", "WebChat.RabbitMQ\WebChat.RabbitMQ.csproj", "{66E951EF-D6DE-4B5C-862B-147BD07E0451}"
EndProject
Project("{9A19103F-16F7-4668-BE54-9A1E7A4F7556}") = "WebChat.Presistence", "WebChat.Presistence\WebChat.Presistence.csproj", "{F6B474B1-F04C-477A-BB8D-48DFF734CAC5}"
EndProject
Project("{9A19103F-16F7-4668-BE54-9A1E7A4F7556}") = "WebChat.Infrastructure", "WebChat.Infrastructure\WebChat.Infrastructure.csproj", "{765FB61A-3B46-486B-BB7D-CCAB24F96518}"
EndProject
Project("{9A19103F-16F7-4668-BE54-9A1E7A4F7556}") = "WebChat.Hubs", "WebChat.Hub\WebChat.Hubs.csproj", "{6F75C37F-6CBE-42C3-A95C-81A4CDB81CB9}"
EndProject
Project("{9A19103F-16F7-4668-BE54-9A1E7A4F7556}") = "WebChat.Domain", "WebChat.Domain\WebChat.Domain.csproj", "{0B468EA8-3F1C-4084-804B-3ABC966879A7}"
EndProject
Project("{54A90642-561A-4BB1-A94E-469ADEE60C69}") = "groupchat", "groupchat\groupchat.esproj", "{46C0A06B-2CA3-411F-9CD5-71CE9F66F658}"
EndProject
Project("{2150E333-8FDC-42A3-9474-1A3956D46DE8}") = "src", "src", "{E65A0F3D-6136-4F89-A298-60CD8108E57E}"
EndProject
Project("{E53339B2-1760-4266-BCC7-CA923CBCF16C}") = "docker-compose", "docker-compose.dcproj", "{D00F0D8A-E92F-4DFE-9952-5C20533A677C}"
EndProject
Global
	GlobalSection(SolutionConfigurationPlatforms) = preSolution
		Debug|Any CPU = Debug|Any CPU
		Release|Any CPU = Release|Any CPU
	EndGlobalSection
	GlobalSection(ProjectConfigurationPlatforms) = postSolution
		{E62F7FC2-D80B-49E3-AEA8-8AEA4F44F8EC}.Debug|Any CPU.ActiveCfg = Debug|Any CPU
		{E62F7FC2-D80B-49E3-AEA8-8AEA4F44F8EC}.Debug|Any CPU.Build.0 = Debug|Any CPU
		{E62F7FC2-D80B-49E3-AEA8-8AEA4F44F8EC}.Release|Any CPU.ActiveCfg = Release|Any CPU
		{E62F7FC2-D80B-49E3-AEA8-8AEA4F44F8EC}.Release|Any CPU.Build.0 = Release|Any CPU
		{A8F3EA90-75CA-4E1B-A2E1-271209E13A23}.Debug|Any CPU.ActiveCfg = Debug|Any CPU
		{A8F3EA90-75CA-4E1B-A2E1-271209E13A23}.Debug|Any CPU.Build.0 = Debug|Any CPU
		{A8F3EA90-75CA-4E1B-A2E1-271209E13A23}.Release|Any CPU.ActiveCfg = Release|Any CPU
		{A8F3EA90-75CA-4E1B-A2E1-271209E13A23}.Release|Any CPU.Build.0 = Release|Any CPU
		{13E2BEAE-A8B4-4B90-A93B-B65191E0F405}.Debug|Any CPU.ActiveCfg = Debug|Any CPU
		{13E2BEAE-A8B4-4B90-A93B-B65191E0F405}.Debug|Any CPU.Build.0 = Debug|Any CPU
		{13E2BEAE-A8B4-4B90-A93B-B65191E0F405}.Release|Any CPU.ActiveCfg = Release|Any CPU
		{13E2BEAE-A8B4-4B90-A93B-B65191E0F405}.Release|Any CPU.Build.0 = Release|Any CPU
		{E3E50D5B-7448-4D07-A2C4-75AF8DDA1B15}.Debug|Any CPU.ActiveCfg = Debug|Any CPU
		{E3E50D5B-7448-4D07-A2C4-75AF8DDA1B15}.Debug|Any CPU.Build.0 = Debug|Any CPU
		{E3E50D5B-7448-4D07-A2C4-75AF8DDA1B15}.Release|Any CPU.ActiveCfg = Release|Any CPU
		{E3E50D5B-7448-4D07-A2C4-75AF8DDA1B15}.Release|Any CPU.Build.0 = Release|Any CPU
		{1EFEB3E0-488F-4F60-B2F4-7B3BB47EF565}.Debug|Any CPU.ActiveCfg = Debug|Any CPU
		{1EFEB3E0-488F-4F60-B2F4-7B3BB47EF565}.Debug|Any CPU.Build.0 = Debug|Any CPU
		{1EFEB3E0-488F-4F60-B2F4-7B3BB47EF565}.Release|Any CPU.ActiveCfg = Release|Any CPU
		{1EFEB3E0-488F-4F60-B2F4-7B3BB47EF565}.Release|Any CPU.Build.0 = Release|Any CPU
		{926A765F-F328-4900-AFCF-AC9FDF75F4F0}.Debug|Any CPU.ActiveCfg = Debug|Any CPU
		{926A765F-F328-4900-AFCF-AC9FDF75F4F0}.Debug|Any CPU.Build.0 = Debug|Any CPU
		{926A765F-F328-4900-AFCF-AC9FDF75F4F0}.Release|Any CPU.ActiveCfg = Release|Any CPU
		{926A765F-F328-4900-AFCF-AC9FDF75F4F0}.Release|Any CPU.Build.0 = Release|Any CPU
		{DB5496F8-0846-4192-B737-A2C3DCEF1C53}.Debug|Any CPU.ActiveCfg = Debug|Any CPU
		{DB5496F8-0846-4192-B737-A2C3DCEF1C53}.Debug|Any CPU.Build.0 = Debug|Any CPU
		{DB5496F8-0846-4192-B737-A2C3DCEF1C53}.Release|Any CPU.ActiveCfg = Release|Any CPU
		{DB5496F8-0846-4192-B737-A2C3DCEF1C53}.Release|Any CPU.Build.0 = Release|Any CPU
		{13447739-6210-4649-914F-30329C48D9B2}.Debug|Any CPU.ActiveCfg = Debug|Any CPU
		{13447739-6210-4649-914F-30329C48D9B2}.Debug|Any CPU.Build.0 = Debug|Any CPU
		{13447739-6210-4649-914F-30329C48D9B2}.Release|Any CPU.ActiveCfg = Release|Any CPU
		{13447739-6210-4649-914F-30329C48D9B2}.Release|Any CPU.Build.0 = Release|Any CPU
		{5A29D33A-606C-49A4-9CEA-FC9E342A6542}.Debug|Any CPU.ActiveCfg = Debug|Any CPU
		{5A29D33A-606C-49A4-9CEA-FC9E342A6542}.Debug|Any CPU.Build.0 = Debug|Any CPU
		{5A29D33A-606C-49A4-9CEA-FC9E342A6542}.Release|Any CPU.ActiveCfg = Release|Any CPU
		{5A29D33A-606C-49A4-9CEA-FC9E342A6542}.Release|Any CPU.Build.0 = Release|Any CPU
		{85FEF035-3654-459E-85BA-00D3F2355797}.Debug|Any CPU.ActiveCfg = Debug|Any CPU
		{85FEF035-3654-459E-85BA-00D3F2355797}.Debug|Any CPU.Build.0 = Debug|Any CPU
		{85FEF035-3654-459E-85BA-00D3F2355797}.Release|Any CPU.ActiveCfg = Release|Any CPU
		{85FEF035-3654-459E-85BA-00D3F2355797}.Release|Any CPU.Build.0 = Release|Any CPU
		{613D0518-E875-4B16-A72F-8C79DB9A62F2}.Debug|Any CPU.ActiveCfg = Debug|Any CPU
		{613D0518-E875-4B16-A72F-8C79DB9A62F2}.Debug|Any CPU.Build.0 = Debug|Any CPU
		{613D0518-E875-4B16-A72F-8C79DB9A62F2}.Release|Any CPU.ActiveCfg = Release|Any CPU
		{613D0518-E875-4B16-A72F-8C79DB9A62F2}.Release|Any CPU.Build.0 = Release|Any CPU
		{0273C257-2FBA-4BEA-93A5-092E95A96AEB}.Debug|Any CPU.ActiveCfg = Debug|Any CPU
		{0273C257-2FBA-4BEA-93A5-092E95A96AEB}.Debug|Any CPU.Build.0 = Debug|Any CPU
		{0273C257-2FBA-4BEA-93A5-092E95A96AEB}.Release|Any CPU.ActiveCfg = Release|Any CPU
		{0273C257-2FBA-4BEA-93A5-092E95A96AEB}.Release|Any CPU.Build.0 = Release|Any CPU
		{4C2F57F7-5857-4FAB-8D9C-722D2DCDB5A7}.Debug|Any CPU.ActiveCfg = Debug|Any CPU
		{4C2F57F7-5857-4FAB-8D9C-722D2DCDB5A7}.Debug|Any CPU.Build.0 = Debug|Any CPU
		{4C2F57F7-5857-4FAB-8D9C-722D2DCDB5A7}.Release|Any CPU.ActiveCfg = Release|Any CPU
		{4C2F57F7-5857-4FAB-8D9C-722D2DCDB5A7}.Release|Any CPU.Build.0 = Release|Any CPU
		{66E951EF-D6DE-4B5C-862B-147BD07E0451}.Debug|Any CPU.ActiveCfg = Debug|Any CPU
		{66E951EF-D6DE-4B5C-862B-147BD07E0451}.Debug|Any CPU.Build.0 = Debug|Any CPU
		{66E951EF-D6DE-4B5C-862B-147BD07E0451}.Release|Any CPU.ActiveCfg = Release|Any CPU
		{66E951EF-D6DE-4B5C-862B-147BD07E0451}.Release|Any CPU.Build.0 = Release|Any CPU
		{F6B474B1-F04C-477A-BB8D-48DFF734CAC5}.Debug|Any CPU.ActiveCfg = Debug|Any CPU
		{F6B474B1-F04C-477A-BB8D-48DFF734CAC5}.Debug|Any CPU.Build.0 = Debug|Any CPU
		{F6B474B1-F04C-477A-BB8D-48DFF734CAC5}.Release|Any CPU.ActiveCfg = Release|Any CPU
		{F6B474B1-F04C-477A-BB8D-48DFF734CAC5}.Release|Any CPU.Build.0 = Release|Any CPU
		{765FB61A-3B46-486B-BB7D-CCAB24F96518}.Debug|Any CPU.ActiveCfg = Debug|Any CPU
		{765FB61A-3B46-486B-BB7D-CCAB24F96518}.Debug|Any CPU.Build.0 = Debug|Any CPU
		{765FB61A-3B46-486B-BB7D-CCAB24F96518}.Release|Any CPU.ActiveCfg = Release|Any CPU
		{765FB61A-3B46-486B-BB7D-CCAB24F96518}.Release|Any CPU.Build.0 = Release|Any CPU
		{6F75C37F-6CBE-42C3-A95C-81A4CDB81CB9}.Debug|Any CPU.ActiveCfg = Debug|Any CPU
		{6F75C37F-6CBE-42C3-A95C-81A4CDB81CB9}.Debug|Any CPU.Build.0 = Debug|Any CPU
		{6F75C37F-6CBE-42C3-A95C-81A4CDB81CB9}.Release|Any CPU.ActiveCfg = Release|Any CPU
		{6F75C37F-6CBE-42C3-A95C-81A4CDB81CB9}.Release|Any CPU.Build.0 = Release|Any CPU
		{0B468EA8-3F1C-4084-804B-3ABC966879A7}.Debug|Any CPU.ActiveCfg = Debug|Any CPU
		{0B468EA8-3F1C-4084-804B-3ABC966879A7}.Debug|Any CPU.Build.0 = Debug|Any CPU
		{0B468EA8-3F1C-4084-804B-3ABC966879A7}.Release|Any CPU.ActiveCfg = Release|Any CPU
		{0B468EA8-3F1C-4084-804B-3ABC966879A7}.Release|Any CPU.Build.0 = Release|Any CPU
		{46C0A06B-2CA3-411F-9CD5-71CE9F66F658}.Debug|Any CPU.ActiveCfg = Debug|Any CPU
		{46C0A06B-2CA3-411F-9CD5-71CE9F66F658}.Debug|Any CPU.Build.0 = Debug|Any CPU
		{46C0A06B-2CA3-411F-9CD5-71CE9F66F658}.Debug|Any CPU.Deploy.0 = Debug|Any CPU
		{46C0A06B-2CA3-411F-9CD5-71CE9F66F658}.Release|Any CPU.ActiveCfg = Release|Any CPU
		{46C0A06B-2CA3-411F-9CD5-71CE9F66F658}.Release|Any CPU.Build.0 = Release|Any CPU
		{46C0A06B-2CA3-411F-9CD5-71CE9F66F658}.Release|Any CPU.Deploy.0 = Release|Any CPU
		{D00F0D8A-E92F-4DFE-9952-5C20533A677C}.Debug|Any CPU.ActiveCfg = Debug|Any CPU
		{D00F0D8A-E92F-4DFE-9952-5C20533A677C}.Debug|Any CPU.Build.0 = Debug|Any CPU
		{D00F0D8A-E92F-4DFE-9952-5C20533A677C}.Release|Any CPU.ActiveCfg = Release|Any CPU
		{D00F0D8A-E92F-4DFE-9952-5C20533A677C}.Release|Any CPU.Build.0 = Release|Any CPU
	EndGlobalSection
	GlobalSection(SolutionProperties) = preSolution
		HideSolutionNode = FALSE
	EndGlobalSection
	GlobalSection(NestedProjects) = preSolution
		{26326BA6-7353-4FC1-894A-8A1DEA914531} = {E65A0F3D-6136-4F89-A298-60CD8108E57E}
		{68C142C5-59AF-493B-B2B1-556CF7EC60C2} = {E65A0F3D-6136-4F89-A298-60CD8108E57E}
		{C39E368A-51C9-4F8D-9489-B4A92390DCA3} = {E65A0F3D-6136-4F89-A298-60CD8108E57E}
		{99723CD6-4F5C-40CF-9684-A174C2A0680E} = {E65A0F3D-6136-4F89-A298-60CD8108E57E}
		{3669FC05-559A-492D-A4CD-E3F90E2A046E} = {E65A0F3D-6136-4F89-A298-60CD8108E57E}
		{CA9C6940-2F24-4288-BFFC-97CF99E8A7FB} = {E65A0F3D-6136-4F89-A298-60CD8108E57E}
		{01DB0F55-823D-4AC1-9D7F-B1F4867941EA} = {E65A0F3D-6136-4F89-A298-60CD8108E57E}
		{8EF9F350-98F8-45C1-895C-1A6ABFCD0CB5} = {01DB0F55-823D-4AC1-9D7F-B1F4867941EA}
		{E62F7FC2-D80B-49E3-AEA8-8AEA4F44F8EC} = {26326BA6-7353-4FC1-894A-8A1DEA914531}
		{A8F3EA90-75CA-4E1B-A2E1-271209E13A23} = {3669FC05-559A-492D-A4CD-E3F90E2A046E}
		{13E2BEAE-A8B4-4B90-A93B-B65191E0F405} = {C39E368A-51C9-4F8D-9489-B4A92390DCA3}
		{E3E50D5B-7448-4D07-A2C4-75AF8DDA1B15} = {C39E368A-51C9-4F8D-9489-B4A92390DCA3}
		{1EFEB3E0-488F-4F60-B2F4-7B3BB47EF565} = {99723CD6-4F5C-40CF-9684-A174C2A0680E}
		{926A765F-F328-4900-AFCF-AC9FDF75F4F0} = {99723CD6-4F5C-40CF-9684-A174C2A0680E}
		{DB5496F8-0846-4192-B737-A2C3DCEF1C53} = {99723CD6-4F5C-40CF-9684-A174C2A0680E}
		{13447739-6210-4649-914F-30329C48D9B2} = {99723CD6-4F5C-40CF-9684-A174C2A0680E}
		{5A29D33A-606C-49A4-9CEA-FC9E342A6542} = {99723CD6-4F5C-40CF-9684-A174C2A0680E}
		{85FEF035-3654-459E-85BA-00D3F2355797} = {8EF9F350-98F8-45C1-895C-1A6ABFCD0CB5}
		{613D0518-E875-4B16-A72F-8C79DB9A62F2} = {68C142C5-59AF-493B-B2B1-556CF7EC60C2}
		{0273C257-2FBA-4BEA-93A5-092E95A96AEB} = {68C142C5-59AF-493B-B2B1-556CF7EC60C2}
		{4C2F57F7-5857-4FAB-8D9C-722D2DCDB5A7} = {68C142C5-59AF-493B-B2B1-556CF7EC60C2}
		{66E951EF-D6DE-4B5C-862B-147BD07E0451} = {68C142C5-59AF-493B-B2B1-556CF7EC60C2}
		{F6B474B1-F04C-477A-BB8D-48DFF734CAC5} = {68C142C5-59AF-493B-B2B1-556CF7EC60C2}
		{765FB61A-3B46-486B-BB7D-CCAB24F96518} = {68C142C5-59AF-493B-B2B1-556CF7EC60C2}
		{6F75C37F-6CBE-42C3-A95C-81A4CDB81CB9} = {68C142C5-59AF-493B-B2B1-556CF7EC60C2}
		{0B468EA8-3F1C-4084-804B-3ABC966879A7} = {26326BA6-7353-4FC1-894A-8A1DEA914531}
		{46C0A06B-2CA3-411F-9CD5-71CE9F66F658} = {CA9C6940-2F24-4288-BFFC-97CF99E8A7FB}
	EndGlobalSection
	GlobalSection(ExtensibilityGlobals) = postSolution
		SolutionGuid = {F48C1581-B7A4-4634-A225-EE742E183589}
	EndGlobalSection
EndGlobal
