
Microsoft Visual Studio Solution File, Format Version 12.00
# Visual Studio Version 17
VisualStudioVersion = 17.8.34511.84
MinimumVisualStudioVersion = 10.0.40219.1
Project("{FAE04EC0-301F-11D3-BF4B-00C04F79EFBC}") = "WebChat.API", "WebChat.API.csproj", "{6F7E53A6-D1F5-4A61-975D-495FD238B6DF}"
EndProject
Project("{2150E333-8FDC-42A3-9474-1A3956D46DE8}") = "test", "test", "{769359E9-89A6-4B93-8E35-FE5D6081EDEE}"
EndProject
Project("{2150E333-8FDC-42A3-9474-1A3956D46DE8}") = "src", "src", "{806BDF55-1EB4-4106-B205-C1F2117D1B36}"
EndProject
Project("{FAE04EC0-301F-11D3-BF4B-00C04F79EFBC}") = "WebChat.Domain", "..\WebChat.Domain\WebChat.Domain.csproj", "{284B40DE-00F0-4801-91FF-0A9C411B1696}"
EndProject
Project("{FAE04EC0-301F-11D3-BF4B-00C04F79EFBC}") = "WebChat.API.Test", "..\WebChat.API.Test\WebChat.API.Test.csproj", "{03B20AEE-E578-4366-81D3-C88E55FD4B71}"
EndProject
Project("{FAE04EC0-301F-11D3-BF4B-00C04F79EFBC}") = "WebChat.Application", "..\WebChat.Application\WebChat.Application.csproj", "{C500E125-5659-45A5-9834-90B279EF1504}"
EndProject
Project("{FAE04EC0-301F-11D3-BF4B-00C04F79EFBC}") = "WebChat.Common", "..\WebChat.Common\WebChat.Common.csproj", "{233CF949-BBDF-486B-B538-0547CADBBB8D}"
EndProject
Project("{FAE04EC0-301F-11D3-BF4B-00C04F79EFBC}") = "WebChat.Infrastructure", "..\WebChat.Infrastructure\WebChat.Infrastructure.csproj", "{74B6D61A-F5B0-4286-B622-9ABD3F69D395}"
EndProject
Project("{FAE04EC0-301F-11D3-BF4B-00C04F79EFBC}") = "WebChat.Presistence", "..\WebChat.Presistence\WebChat.Presistence.csproj", "{5FA39A54-8AD4-4A27-BFED-AF1F9D46D6E2}"
EndProject
Project("{FAE04EC0-301F-11D3-BF4B-00C04F79EFBC}") = "WebChat.Extension", "..\WebChat.Extension\WebChat.Extension.csproj", "{9FFE81EC-EB40-4ECC-A26E-82BF6883981C}"
EndProject
Project("{FAE04EC0-301F-11D3-BF4B-00C04F79EFBC}") = "WebChat.Infrastructure.SqlServer", "..\WebChat.Infrastructure.SqlServer\WebChat.Infrastructure.SqlServer.csproj", "{6E31C06F-EE59-4F1B-BEE1-5F4BDB29DABA}"
EndProject
Project("{FAE04EC0-301F-11D3-BF4B-00C04F79EFBC}") = "WebChat.Infrastructure.Npgsql", "..\WebChat.Infrastructure.Npgsql\WebChat.Infrastructure.Npgsql.csproj", "{81BAFEAF-96F1-402B-9D85-390E8E64AE27}"
EndProject
Project("{FAE04EC0-301F-11D3-BF4B-00C04F79EFBC}") = "API2", "..\API2\API2.csproj", "{BAA3CA7E-65A3-420C-B1B6-BA5FA11037EA}"
EndProject
Project("{FAE04EC0-301F-11D3-BF4B-00C04F79EFBC}") = "WebChat.Hubs", "..\WebChat.Hub\WebChat.Hubs.csproj", "{19F1C970-EC71-4072-AD72-5AF97C39602C}"
EndProject
Global
	GlobalSection(SolutionConfigurationPlatforms) = preSolution
		Debug|Any CPU = Debug|Any CPU
		Release|Any CPU = Release|Any CPU
	EndGlobalSection
	GlobalSection(ProjectConfigurationPlatforms) = postSolution
		{6F7E53A6-D1F5-4A61-975D-495FD238B6DF}.Debug|Any CPU.ActiveCfg = Debug|Any CPU
		{6F7E53A6-D1F5-4A61-975D-495FD238B6DF}.Debug|Any CPU.Build.0 = Debug|Any CPU
		{6F7E53A6-D1F5-4A61-975D-495FD238B6DF}.Release|Any CPU.ActiveCfg = Release|Any CPU
		{6F7E53A6-D1F5-4A61-975D-495FD238B6DF}.Release|Any CPU.Build.0 = Release|Any CPU
		{284B40DE-00F0-4801-91FF-0A9C411B1696}.Debug|Any CPU.ActiveCfg = Debug|Any CPU
		{284B40DE-00F0-4801-91FF-0A9C411B1696}.Debug|Any CPU.Build.0 = Debug|Any CPU
		{284B40DE-00F0-4801-91FF-0A9C411B1696}.Release|Any CPU.ActiveCfg = Release|Any CPU
		{284B40DE-00F0-4801-91FF-0A9C411B1696}.Release|Any CPU.Build.0 = Release|Any CPU
		{03B20AEE-E578-4366-81D3-C88E55FD4B71}.Debug|Any CPU.ActiveCfg = Debug|Any CPU
		{03B20AEE-E578-4366-81D3-C88E55FD4B71}.Debug|Any CPU.Build.0 = Debug|Any CPU
		{03B20AEE-E578-4366-81D3-C88E55FD4B71}.Release|Any CPU.ActiveCfg = Release|Any CPU
		{03B20AEE-E578-4366-81D3-C88E55FD4B71}.Release|Any CPU.Build.0 = Release|Any CPU
		{C500E125-5659-45A5-9834-90B279EF1504}.Debug|Any CPU.ActiveCfg = Debug|Any CPU
		{C500E125-5659-45A5-9834-90B279EF1504}.Debug|Any CPU.Build.0 = Debug|Any CPU
		{C500E125-5659-45A5-9834-90B279EF1504}.Release|Any CPU.ActiveCfg = Release|Any CPU
		{C500E125-5659-45A5-9834-90B279EF1504}.Release|Any CPU.Build.0 = Release|Any CPU
		{233CF949-BBDF-486B-B538-0547CADBBB8D}.Debug|Any CPU.ActiveCfg = Debug|Any CPU
		{233CF949-BBDF-486B-B538-0547CADBBB8D}.Debug|Any CPU.Build.0 = Debug|Any CPU
		{233CF949-BBDF-486B-B538-0547CADBBB8D}.Release|Any CPU.ActiveCfg = Release|Any CPU
		{233CF949-BBDF-486B-B538-0547CADBBB8D}.Release|Any CPU.Build.0 = Release|Any CPU
		{74B6D61A-F5B0-4286-B622-9ABD3F69D395}.Debug|Any CPU.ActiveCfg = Debug|Any CPU
		{74B6D61A-F5B0-4286-B622-9ABD3F69D395}.Debug|Any CPU.Build.0 = Debug|Any CPU
		{74B6D61A-F5B0-4286-B622-9ABD3F69D395}.Release|Any CPU.ActiveCfg = Release|Any CPU
		{74B6D61A-F5B0-4286-B622-9ABD3F69D395}.Release|Any CPU.Build.0 = Release|Any CPU
		{5FA39A54-8AD4-4A27-BFED-AF1F9D46D6E2}.Debug|Any CPU.ActiveCfg = Debug|Any CPU
		{5FA39A54-8AD4-4A27-BFED-AF1F9D46D6E2}.Debug|Any CPU.Build.0 = Debug|Any CPU
		{5FA39A54-8AD4-4A27-BFED-AF1F9D46D6E2}.Release|Any CPU.ActiveCfg = Release|Any CPU
		{5FA39A54-8AD4-4A27-BFED-AF1F9D46D6E2}.Release|Any CPU.Build.0 = Release|Any CPU
		{9FFE81EC-EB40-4ECC-A26E-82BF6883981C}.Debug|Any CPU.ActiveCfg = Debug|Any CPU
		{9FFE81EC-EB40-4ECC-A26E-82BF6883981C}.Debug|Any CPU.Build.0 = Debug|Any CPU
		{9FFE81EC-EB40-4ECC-A26E-82BF6883981C}.Release|Any CPU.ActiveCfg = Release|Any CPU
		{9FFE81EC-EB40-4ECC-A26E-82BF6883981C}.Release|Any CPU.Build.0 = Release|Any CPU
		{6E31C06F-EE59-4F1B-BEE1-5F4BDB29DABA}.Debug|Any CPU.ActiveCfg = Debug|Any CPU
		{6E31C06F-EE59-4F1B-BEE1-5F4BDB29DABA}.Debug|Any CPU.Build.0 = Debug|Any CPU
		{6E31C06F-EE59-4F1B-BEE1-5F4BDB29DABA}.Release|Any CPU.ActiveCfg = Release|Any CPU
		{6E31C06F-EE59-4F1B-BEE1-5F4BDB29DABA}.Release|Any CPU.Build.0 = Release|Any CPU
		{81BAFEAF-96F1-402B-9D85-390E8E64AE27}.Debug|Any CPU.ActiveCfg = Debug|Any CPU
		{81BAFEAF-96F1-402B-9D85-390E8E64AE27}.Debug|Any CPU.Build.0 = Debug|Any CPU
		{81BAFEAF-96F1-402B-9D85-390E8E64AE27}.Release|Any CPU.ActiveCfg = Release|Any CPU
		{81BAFEAF-96F1-402B-9D85-390E8E64AE27}.Release|Any CPU.Build.0 = Release|Any CPU
		{BAA3CA7E-65A3-420C-B1B6-BA5FA11037EA}.Debug|Any CPU.ActiveCfg = Debug|Any CPU
		{BAA3CA7E-65A3-420C-B1B6-BA5FA11037EA}.Debug|Any CPU.Build.0 = Debug|Any CPU
		{BAA3CA7E-65A3-420C-B1B6-BA5FA11037EA}.Release|Any CPU.ActiveCfg = Release|Any CPU
		{BAA3CA7E-65A3-420C-B1B6-BA5FA11037EA}.Release|Any CPU.Build.0 = Release|Any CPU
		{19F1C970-EC71-4072-AD72-5AF97C39602C}.Debug|Any CPU.ActiveCfg = Debug|Any CPU
		{19F1C970-EC71-4072-AD72-5AF97C39602C}.Debug|Any CPU.Build.0 = Debug|Any CPU
		{19F1C970-EC71-4072-AD72-5AF97C39602C}.Release|Any CPU.ActiveCfg = Release|Any CPU
		{19F1C970-EC71-4072-AD72-5AF97C39602C}.Release|Any CPU.Build.0 = Release|Any CPU
	EndGlobalSection
	GlobalSection(SolutionProperties) = preSolution
		HideSolutionNode = FALSE
	EndGlobalSection
	GlobalSection(NestedProjects) = preSolution
		{6F7E53A6-D1F5-4A61-975D-495FD238B6DF} = {806BDF55-1EB4-4106-B205-C1F2117D1B36}
		{284B40DE-00F0-4801-91FF-0A9C411B1696} = {806BDF55-1EB4-4106-B205-C1F2117D1B36}
		{03B20AEE-E578-4366-81D3-C88E55FD4B71} = {769359E9-89A6-4B93-8E35-FE5D6081EDEE}
		{C500E125-5659-45A5-9834-90B279EF1504} = {806BDF55-1EB4-4106-B205-C1F2117D1B36}
		{233CF949-BBDF-486B-B538-0547CADBBB8D} = {806BDF55-1EB4-4106-B205-C1F2117D1B36}
		{74B6D61A-F5B0-4286-B622-9ABD3F69D395} = {806BDF55-1EB4-4106-B205-C1F2117D1B36}
		{5FA39A54-8AD4-4A27-BFED-AF1F9D46D6E2} = {806BDF55-1EB4-4106-B205-C1F2117D1B36}
		{9FFE81EC-EB40-4ECC-A26E-82BF6883981C} = {806BDF55-1EB4-4106-B205-C1F2117D1B36}
		{6E31C06F-EE59-4F1B-BEE1-5F4BDB29DABA} = {806BDF55-1EB4-4106-B205-C1F2117D1B36}
		{81BAFEAF-96F1-402B-9D85-390E8E64AE27} = {806BDF55-1EB4-4106-B205-C1F2117D1B36}
		{BAA3CA7E-65A3-420C-B1B6-BA5FA11037EA} = {806BDF55-1EB4-4106-B205-C1F2117D1B36}
		{19F1C970-EC71-4072-AD72-5AF97C39602C} = {806BDF55-1EB4-4106-B205-C1F2117D1B36}
	EndGlobalSection
	GlobalSection(ExtensibilityGlobals) = postSolution
		SolutionGuid = {BB56A2D7-0E3D-4F96-9E2A-D9D138EE2805}
	EndGlobalSection
EndGlobal
