
Microsoft Visual Studio Solution File, Format Version 12.00
# Visual Studio Version 17
VisualStudioVersion = 17.8.34511.84
MinimumVisualStudioVersion = 10.0.40219.1
Project("{2150E333-8FDC-42A3-9474-1A3956D46DE8}") = "src", "src", "{925B299E-2A8B-4CD1-A5D0-0922A4A2ED41}"
EndProject
Project("{2150E333-8FDC-42A3-9474-1A3956D46DE8}") = "test", "test", "{D85D4312-6A27-4587-B3EE-E11A374C69DA}"
EndProject
Project("{9A19103F-16F7-4668-BE54-9A1E7A4F7556}") = "WebChat.API", "..\WebChat.API\WebChat.API.csproj", "{C0F944AA-FAA9-4374-85C0-A5747E11054E}"
EndProject
Project("{2150E333-8FDC-42A3-9474-1A3956D46DE8}") = "Core", "Core", "{26326BA6-7353-4FC1-894A-8A1DEA914531}"
EndProject
Project("{2150E333-8FDC-42A3-9474-1A3956D46DE8}") = "Infrastructure", "Infrastructure", "{68C142C5-59AF-493B-B2B1-556CF7EC60C2}"
EndProject
Project("{2150E333-8FDC-42A3-9474-1A3956D46DE8}") = "Shared", "Shared", "{C39E368A-51C9-4F8D-9489-B4A92390DCA3}"
EndProject
Project("{9A19103F-16F7-4668-BE54-9A1E7A4F7556}") = "WebChat.Application", "..\WebChat.Application\WebChat.Application.csproj", "{14A51B39-020C-47A0-A8AC-8F37149028EB}"
EndProject
Project("{9A19103F-16F7-4668-BE54-9A1E7A4F7556}") = "WebChat.Domain", "..\WebChat.Domain\WebChat.Domain.csproj", "{D470B351-A1FD-465C-979B-0B2BBDA3B992}"
EndProject
Project("{9A19103F-16F7-4668-BE54-9A1E7A4F7556}") = "WebChat.Extension", "..\WebChat.Extension\WebChat.Extension.csproj", "{7239461F-637C-46A0-BBA3-51C30A5D4C25}"
EndProject
Project("{9A19103F-16F7-4668-BE54-9A1E7A4F7556}") = "WebChat.Common", "..\WebChat.Common\WebChat.Common.csproj", "{61A005AF-A408-497A-A479-725D74E8592E}"
EndProject
Project("{9A19103F-16F7-4668-BE54-9A1E7A4F7556}") = "WebChat.Infrastructure", "..\WebChat.Infrastructure\WebChat.Infrastructure.csproj", "{83D0C36C-67C6-472C-90AC-982FD241E92F}"
EndProject
Project("{9A19103F-16F7-4668-BE54-9A1E7A4F7556}") = "WebChat.Presistence", "..\WebChat.Presistence\WebChat.Presistence.csproj", "{9408ADB8-275E-4574-A859-C6980A9AEAC5}"
EndProject
Project("{2150E333-8FDC-42A3-9474-1A3956D46DE8}") = "Migrations", "Migrations", "{99723CD6-4F5C-40CF-9684-A174C2A0680E}"
EndProject
Project("{9A19103F-16F7-4668-BE54-9A1E7A4F7556}") = "WebChat.Infrastructure.Npgsql", "..\WebChat.Infrastructure.Npgsql\WebChat.Infrastructure.Npgsql.csproj", "{3C6E4738-81F8-4290-8827-FC331F489CB8}"
EndProject
Project("{9A19103F-16F7-4668-BE54-9A1E7A4F7556}") = "WebChat.Infrastructure.SqlServer", "..\WebChat.Infrastructure.SqlServer\WebChat.Infrastructure.SqlServer.csproj", "{9F88CEF1-4FB7-4BD3-B005-A747D225E93A}"
EndProject
Project("{9A19103F-16F7-4668-BE54-9A1E7A4F7556}") = "WebChat.Hubs", "..\WebChat.Hub\WebChat.Hubs.csproj", "{42F43DDA-740D-46D2-AF04-9965E65019F2}"
EndProject
Project("{2150E333-8FDC-42A3-9474-1A3956D46DE8}") = "WebApi", "WebApi", "{3669FC05-559A-492D-A4CD-E3F90E2A046E}"
EndProject
Project("{E53339B2-1760-4266-BCC7-CA923CBCF16C}") = "docker-compose", "docker-compose.dcproj", "{D00F0D8A-E92F-4DFE-9952-5C20533A677C}"
EndProject
Project("{9A19103F-16F7-4668-BE54-9A1E7A4F7556}") = "WebChat.API.Test", "..\WebChat.API.Test\WebChat.API.Test.csproj", "{24A86E13-8126-4154-B837-96148A39A842}"
EndProject
Project("{2150E333-8FDC-42A3-9474-1A3956D46DE8}") = "Client.UI", "Client.UI", "{CA9C6940-2F24-4288-BFFC-97CF99E8A7FB}"
EndProject
Project("{54A90642-561A-4BB1-A94E-469ADEE60C69}") = "groupchat", "..\GroupChat\groupchat.esproj", "{EDAD7F63-C0BE-4FE9-8E06-4868A81822D9}"
EndProject
Project("{9A19103F-16F7-4668-BE54-9A1E7A4F7556}") = "WebChat.Infrastructure.MySQL", "..\WebChat.Infrastructure.MySQL\WebChat.Infrastructure.MySQL.csproj", "{3FD11D49-EA1F-41E7-A719-565C2661A3D7}"
EndProject
Project("{9A19103F-16F7-4668-BE54-9A1E7A4F7556}") = "WebChat.RabbitMQ", "..\WebChat.RabbitMQ\WebChat.RabbitMQ.csproj", "{CCA70A12-2915-4C52-901A-1E79718C3A3B}"
EndProject
Project("{9A19103F-16F7-4668-BE54-9A1E7A4F7556}") = "WebChat.Infrastructure.Oracle", "..\WebChat.Infrastructure.Oracle\WebChat.Infrastructure.Oracle.csproj", "{5283346F-C6F4-4324-A13A-B270C3AA6A69}"
EndProject
Global
	GlobalSection(SolutionConfigurationPlatforms) = preSolution
		Debug|Any CPU = Debug|Any CPU
		Release|Any CPU = Release|Any CPU
	EndGlobalSection
	GlobalSection(ProjectConfigurationPlatforms) = postSolution
		{C0F944AA-FAA9-4374-85C0-A5747E11054E}.Debug|Any CPU.ActiveCfg = Debug|Any CPU
		{C0F944AA-FAA9-4374-85C0-A5747E11054E}.Debug|Any CPU.Build.0 = Debug|Any CPU
		{C0F944AA-FAA9-4374-85C0-A5747E11054E}.Release|Any CPU.ActiveCfg = Release|Any CPU
		{C0F944AA-FAA9-4374-85C0-A5747E11054E}.Release|Any CPU.Build.0 = Release|Any CPU
		{14A51B39-020C-47A0-A8AC-8F37149028EB}.Debug|Any CPU.ActiveCfg = Debug|Any CPU
		{14A51B39-020C-47A0-A8AC-8F37149028EB}.Debug|Any CPU.Build.0 = Debug|Any CPU
		{14A51B39-020C-47A0-A8AC-8F37149028EB}.Release|Any CPU.ActiveCfg = Release|Any CPU
		{14A51B39-020C-47A0-A8AC-8F37149028EB}.Release|Any CPU.Build.0 = Release|Any CPU
		{D470B351-A1FD-465C-979B-0B2BBDA3B992}.Debug|Any CPU.ActiveCfg = Debug|Any CPU
		{D470B351-A1FD-465C-979B-0B2BBDA3B992}.Debug|Any CPU.Build.0 = Debug|Any CPU
		{D470B351-A1FD-465C-979B-0B2BBDA3B992}.Release|Any CPU.ActiveCfg = Release|Any CPU
		{D470B351-A1FD-465C-979B-0B2BBDA3B992}.Release|Any CPU.Build.0 = Release|Any CPU
		{7239461F-637C-46A0-BBA3-51C30A5D4C25}.Debug|Any CPU.ActiveCfg = Debug|Any CPU
		{7239461F-637C-46A0-BBA3-51C30A5D4C25}.Debug|Any CPU.Build.0 = Debug|Any CPU
		{7239461F-637C-46A0-BBA3-51C30A5D4C25}.Release|Any CPU.ActiveCfg = Release|Any CPU
		{7239461F-637C-46A0-BBA3-51C30A5D4C25}.Release|Any CPU.Build.0 = Release|Any CPU
		{61A005AF-A408-497A-A479-725D74E8592E}.Debug|Any CPU.ActiveCfg = Debug|Any CPU
		{61A005AF-A408-497A-A479-725D74E8592E}.Debug|Any CPU.Build.0 = Debug|Any CPU
		{61A005AF-A408-497A-A479-725D74E8592E}.Release|Any CPU.ActiveCfg = Release|Any CPU
		{61A005AF-A408-497A-A479-725D74E8592E}.Release|Any CPU.Build.0 = Release|Any CPU
		{83D0C36C-67C6-472C-90AC-982FD241E92F}.Debug|Any CPU.ActiveCfg = Debug|Any CPU
		{83D0C36C-67C6-472C-90AC-982FD241E92F}.Debug|Any CPU.Build.0 = Debug|Any CPU
		{83D0C36C-67C6-472C-90AC-982FD241E92F}.Release|Any CPU.ActiveCfg = Release|Any CPU
		{83D0C36C-67C6-472C-90AC-982FD241E92F}.Release|Any CPU.Build.0 = Release|Any CPU
		{9408ADB8-275E-4574-A859-C6980A9AEAC5}.Debug|Any CPU.ActiveCfg = Debug|Any CPU
		{9408ADB8-275E-4574-A859-C6980A9AEAC5}.Debug|Any CPU.Build.0 = Debug|Any CPU
		{9408ADB8-275E-4574-A859-C6980A9AEAC5}.Release|Any CPU.ActiveCfg = Release|Any CPU
		{9408ADB8-275E-4574-A859-C6980A9AEAC5}.Release|Any CPU.Build.0 = Release|Any CPU
		{3C6E4738-81F8-4290-8827-FC331F489CB8}.Debug|Any CPU.ActiveCfg = Debug|Any CPU
		{3C6E4738-81F8-4290-8827-FC331F489CB8}.Debug|Any CPU.Build.0 = Debug|Any CPU
		{3C6E4738-81F8-4290-8827-FC331F489CB8}.Release|Any CPU.ActiveCfg = Release|Any CPU
		{3C6E4738-81F8-4290-8827-FC331F489CB8}.Release|Any CPU.Build.0 = Release|Any CPU
		{9F88CEF1-4FB7-4BD3-B005-A747D225E93A}.Debug|Any CPU.ActiveCfg = Debug|Any CPU
		{9F88CEF1-4FB7-4BD3-B005-A747D225E93A}.Debug|Any CPU.Build.0 = Debug|Any CPU
		{9F88CEF1-4FB7-4BD3-B005-A747D225E93A}.Release|Any CPU.ActiveCfg = Release|Any CPU
		{9F88CEF1-4FB7-4BD3-B005-A747D225E93A}.Release|Any CPU.Build.0 = Release|Any CPU
		{42F43DDA-740D-46D2-AF04-9965E65019F2}.Debug|Any CPU.ActiveCfg = Debug|Any CPU
		{42F43DDA-740D-46D2-AF04-9965E65019F2}.Debug|Any CPU.Build.0 = Debug|Any CPU
		{42F43DDA-740D-46D2-AF04-9965E65019F2}.Release|Any CPU.ActiveCfg = Release|Any CPU
		{42F43DDA-740D-46D2-AF04-9965E65019F2}.Release|Any CPU.Build.0 = Release|Any CPU
		{D00F0D8A-E92F-4DFE-9952-5C20533A677C}.Debug|Any CPU.ActiveCfg = Debug|Any CPU
		{D00F0D8A-E92F-4DFE-9952-5C20533A677C}.Debug|Any CPU.Build.0 = Debug|Any CPU
		{D00F0D8A-E92F-4DFE-9952-5C20533A677C}.Release|Any CPU.ActiveCfg = Release|Any CPU
		{D00F0D8A-E92F-4DFE-9952-5C20533A677C}.Release|Any CPU.Build.0 = Release|Any CPU
		{24A86E13-8126-4154-B837-96148A39A842}.Debug|Any CPU.ActiveCfg = Debug|Any CPU
		{24A86E13-8126-4154-B837-96148A39A842}.Debug|Any CPU.Build.0 = Debug|Any CPU
		{24A86E13-8126-4154-B837-96148A39A842}.Release|Any CPU.ActiveCfg = Release|Any CPU
		{24A86E13-8126-4154-B837-96148A39A842}.Release|Any CPU.Build.0 = Release|Any CPU
		{EDAD7F63-C0BE-4FE9-8E06-4868A81822D9}.Debug|Any CPU.ActiveCfg = Debug|Any CPU
		{EDAD7F63-C0BE-4FE9-8E06-4868A81822D9}.Debug|Any CPU.Build.0 = Debug|Any CPU
		{EDAD7F63-C0BE-4FE9-8E06-4868A81822D9}.Debug|Any CPU.Deploy.0 = Debug|Any CPU
		{EDAD7F63-C0BE-4FE9-8E06-4868A81822D9}.Release|Any CPU.ActiveCfg = Release|Any CPU
		{EDAD7F63-C0BE-4FE9-8E06-4868A81822D9}.Release|Any CPU.Build.0 = Release|Any CPU
		{EDAD7F63-C0BE-4FE9-8E06-4868A81822D9}.Release|Any CPU.Deploy.0 = Release|Any CPU
		{3FD11D49-EA1F-41E7-A719-565C2661A3D7}.Debug|Any CPU.ActiveCfg = Debug|Any CPU
		{3FD11D49-EA1F-41E7-A719-565C2661A3D7}.Debug|Any CPU.Build.0 = Debug|Any CPU
		{3FD11D49-EA1F-41E7-A719-565C2661A3D7}.Release|Any CPU.ActiveCfg = Release|Any CPU
		{3FD11D49-EA1F-41E7-A719-565C2661A3D7}.Release|Any CPU.Build.0 = Release|Any CPU
		{CCA70A12-2915-4C52-901A-1E79718C3A3B}.Debug|Any CPU.ActiveCfg = Debug|Any CPU
		{CCA70A12-2915-4C52-901A-1E79718C3A3B}.Debug|Any CPU.Build.0 = Debug|Any CPU
		{CCA70A12-2915-4C52-901A-1E79718C3A3B}.Release|Any CPU.ActiveCfg = Release|Any CPU
		{CCA70A12-2915-4C52-901A-1E79718C3A3B}.Release|Any CPU.Build.0 = Release|Any CPU
		{5283346F-C6F4-4324-A13A-B270C3AA6A69}.Debug|Any CPU.ActiveCfg = Debug|Any CPU
		{5283346F-C6F4-4324-A13A-B270C3AA6A69}.Debug|Any CPU.Build.0 = Debug|Any CPU
		{5283346F-C6F4-4324-A13A-B270C3AA6A69}.Release|Any CPU.ActiveCfg = Release|Any CPU
		{5283346F-C6F4-4324-A13A-B270C3AA6A69}.Release|Any CPU.Build.0 = Release|Any CPU
	EndGlobalSection
	GlobalSection(SolutionProperties) = preSolution
		HideSolutionNode = FALSE
	EndGlobalSection
	GlobalSection(NestedProjects) = preSolution
		{C0F944AA-FAA9-4374-85C0-A5747E11054E} = {3669FC05-559A-492D-A4CD-E3F90E2A046E}
		{26326BA6-7353-4FC1-894A-8A1DEA914531} = {925B299E-2A8B-4CD1-A5D0-0922A4A2ED41}
		{68C142C5-59AF-493B-B2B1-556CF7EC60C2} = {925B299E-2A8B-4CD1-A5D0-0922A4A2ED41}
		{C39E368A-51C9-4F8D-9489-B4A92390DCA3} = {925B299E-2A8B-4CD1-A5D0-0922A4A2ED41}
		{14A51B39-020C-47A0-A8AC-8F37149028EB} = {26326BA6-7353-4FC1-894A-8A1DEA914531}
		{D470B351-A1FD-465C-979B-0B2BBDA3B992} = {26326BA6-7353-4FC1-894A-8A1DEA914531}
		{7239461F-637C-46A0-BBA3-51C30A5D4C25} = {C39E368A-51C9-4F8D-9489-B4A92390DCA3}
		{61A005AF-A408-497A-A479-725D74E8592E} = {C39E368A-51C9-4F8D-9489-B4A92390DCA3}
		{83D0C36C-67C6-472C-90AC-982FD241E92F} = {68C142C5-59AF-493B-B2B1-556CF7EC60C2}
		{9408ADB8-275E-4574-A859-C6980A9AEAC5} = {68C142C5-59AF-493B-B2B1-556CF7EC60C2}
		{99723CD6-4F5C-40CF-9684-A174C2A0680E} = {925B299E-2A8B-4CD1-A5D0-0922A4A2ED41}
		{3C6E4738-81F8-4290-8827-FC331F489CB8} = {99723CD6-4F5C-40CF-9684-A174C2A0680E}
		{9F88CEF1-4FB7-4BD3-B005-A747D225E93A} = {99723CD6-4F5C-40CF-9684-A174C2A0680E}
		{42F43DDA-740D-46D2-AF04-9965E65019F2} = {68C142C5-59AF-493B-B2B1-556CF7EC60C2}
		{3669FC05-559A-492D-A4CD-E3F90E2A046E} = {925B299E-2A8B-4CD1-A5D0-0922A4A2ED41}
		{24A86E13-8126-4154-B837-96148A39A842} = {D85D4312-6A27-4587-B3EE-E11A374C69DA}
		{CA9C6940-2F24-4288-BFFC-97CF99E8A7FB} = {925B299E-2A8B-4CD1-A5D0-0922A4A2ED41}
		{EDAD7F63-C0BE-4FE9-8E06-4868A81822D9} = {CA9C6940-2F24-4288-BFFC-97CF99E8A7FB}
		{3FD11D49-EA1F-41E7-A719-565C2661A3D7} = {99723CD6-4F5C-40CF-9684-A174C2A0680E}
		{CCA70A12-2915-4C52-901A-1E79718C3A3B} = {68C142C5-59AF-493B-B2B1-556CF7EC60C2}
		{5283346F-C6F4-4324-A13A-B270C3AA6A69} = {99723CD6-4F5C-40CF-9684-A174C2A0680E}
	EndGlobalSection
	GlobalSection(ExtensibilityGlobals) = postSolution
		SolutionGuid = {F48C1581-B7A4-4634-A225-EE742E183589}
	EndGlobalSection
EndGlobal
